
Microsoft Visual Studio Solution File, Format Version 12.00
# Visual Studio Version 16
VisualStudioVersion = 16.0.31019.35
MinimumVisualStudioVersion = 10.0.40219.1
Project("{8BC9CEB8-8B4A-11D0-8D11-00A0C91BC942}") = "CPP_The_4_of_Casting", "CPP_The_4_of_Casting\CPP_The_4_of_Casting.vcxproj", "{9FD8ECFB-14B7-4898-ACA9-128CEEAF261F}"
EndProject
Global
	GlobalSection(SolutionConfigurationPlatforms) = preSolution
		Debug|x64 = Debug|x64
		Debug|x86 = Debug|x86
		Release|x64 = Release|x64
		Release|x86 = Release|x86
	EndGlobalSection
	GlobalSection(ProjectConfigurationPlatforms) = postSolution
		{9FD8ECFB-14B7-4898-ACA9-128CEEAF261F}.Debug|x64.ActiveCfg = Debug|x64
		{9FD8ECFB-14B7-4898-ACA9-128CEEAF261F}.Debug|x64.Build.0 = Debug|x64
		{9FD8ECFB-14B7-4898-ACA9-128CEEAF261F}.Debug|x86.ActiveCfg = Debug|Win32
		{9FD8ECFB-14B7-4898-ACA9-128CEEAF261F}.Debug|x86.Build.0 = Debug|Win32
		{9FD8ECFB-14B7-4898-ACA9-128CEEAF261F}.Release|x64.ActiveCfg = Release|x64
		{9FD8ECFB-14B7-4898-ACA9-128CEEAF261F}.Release|x64.Build.0 = Release|x64
		{9FD8ECFB-14B7-4898-ACA9-128CEEAF261F}.Release|x86.ActiveCfg = Release|Win32
		{9FD8ECFB-14B7-4898-ACA9-128CEEAF261F}.Release|x86.Build.0 = Release|Win32
	EndGlobalSection
	GlobalSection(SolutionProperties) = preSolution
		HideSolutionNode = FALSE
	EndGlobalSection
	GlobalSection(ExtensibilityGlobals) = postSolution
		SolutionGuid = {44530038-737D-40EB-84D3-9ABCF69F1B29}
	EndGlobalSection
EndGlobal
