
Microsoft Visual Studio Solution File, Format Version 12.00
# Visual Studio Version 16
VisualStudioVersion = 16.0.31019.35
MinimumVisualStudioVersion = 10.0.40219.1
Project("{8BC9CEB8-8B4A-11D0-8D11-00A0C91BC942}") = "CPP_Deque", "CPP_Deque\CPP_Deque.vcxproj", "{6CE8029B-EB75-47C7-83F2-76939EA4643C}"
EndProject
Global
	GlobalSection(SolutionConfigurationPlatforms) = preSolution
		Debug|x64 = Debug|x64
		Debug|x86 = Debug|x86
		Release|x64 = Release|x64
		Release|x86 = Release|x86
	EndGlobalSection
	GlobalSection(ProjectConfigurationPlatforms) = postSolution
		{6CE8029B-EB75-47C7-83F2-76939EA4643C}.Debug|x64.ActiveCfg = Debug|x64
		{6CE8029B-EB75-47C7-83F2-76939EA4643C}.Debug|x64.Build.0 = Debug|x64
		{6CE8029B-EB75-47C7-83F2-76939EA4643C}.Debug|x86.ActiveCfg = Debug|Win32
		{6CE8029B-EB75-47C7-83F2-76939EA4643C}.Debug|x86.Build.0 = Debug|Win32
		{6CE8029B-EB75-47C7-83F2-76939EA4643C}.Release|x64.ActiveCfg = Release|x64
		{6CE8029B-EB75-47C7-83F2-76939EA4643C}.Release|x64.Build.0 = Release|x64
		{6CE8029B-EB75-47C7-83F2-76939EA4643C}.Release|x86.ActiveCfg = Release|Win32
		{6CE8029B-EB75-47C7-83F2-76939EA4643C}.Release|x86.Build.0 = Release|Win32
	EndGlobalSection
	GlobalSection(SolutionProperties) = preSolution
		HideSolutionNode = FALSE
	EndGlobalSection
	GlobalSection(ExtensibilityGlobals) = postSolution
		SolutionGuid = {F722D010-999F-420B-AF5E-CAC5DFA667F4}
	EndGlobalSection
EndGlobal
